
Microsoft Visual Studio Solution File, Format Version 12.00
# Visual Studio Version 16
VisualStudioVersion = 16.0.31129.286
MinimumVisualStudioVersion = 10.0.40219.1
Project("{9A19103F-16F7-4668-BE54-9A1E7A4F7556}") = "DNSUpdater", "DNSUpdater\DNSUpdater.csproj", "{001A98C4-85CF-4FA0-BB6C-D3802A915CC4}"
EndProject
Project("{FAE04EC0-301F-11D3-BF4B-00C04F79EFBC}") = "DNSUpdater.Helper", "DNSUpdater.Helper\DNSUpdater.Helper.csproj", "{AEE3A2D0-15F7-4D42-B712-4E67B4F35707}"
EndProject
Project("{FAE04EC0-301F-11D3-BF4B-00C04F79EFBC}") = "DNSUpdater.Console", "DNSUpdater.Console\DNSUpdater.Console.csproj", "{CA02DBC5-DDED-458F-A402-A60C734627C1}"
EndProject
Global
	GlobalSection(SolutionConfigurationPlatforms) = preSolution
		Debug|Any CPU = Debug|Any CPU
		Release|Any CPU = Release|Any CPU
	EndGlobalSection
	GlobalSection(ProjectConfigurationPlatforms) = postSolution
		{001A98C4-85CF-4FA0-BB6C-D3802A915CC4}.Debug|Any CPU.ActiveCfg = Debug|Any CPU
		{001A98C4-85CF-4FA0-BB6C-D3802A915CC4}.Debug|Any CPU.Build.0 = Debug|Any CPU
		{001A98C4-85CF-4FA0-BB6C-D3802A915CC4}.Release|Any CPU.ActiveCfg = Release|Any CPU
		{001A98C4-85CF-4FA0-BB6C-D3802A915CC4}.Release|Any CPU.Build.0 = Release|Any CPU
		{AEE3A2D0-15F7-4D42-B712-4E67B4F35707}.Debug|Any CPU.ActiveCfg = Debug|Any CPU
		{AEE3A2D0-15F7-4D42-B712-4E67B4F35707}.Debug|Any CPU.Build.0 = Debug|Any CPU
		{AEE3A2D0-15F7-4D42-B712-4E67B4F35707}.Release|Any CPU.ActiveCfg = Release|Any CPU
		{AEE3A2D0-15F7-4D42-B712-4E67B4F35707}.Release|Any CPU.Build.0 = Release|Any CPU
		{CA02DBC5-DDED-458F-A402-A60C734627C1}.Debug|Any CPU.ActiveCfg = Debug|Any CPU
		{CA02DBC5-DDED-458F-A402-A60C734627C1}.Debug|Any CPU.Build.0 = Debug|Any CPU
		{CA02DBC5-DDED-458F-A402-A60C734627C1}.Release|Any CPU.ActiveCfg = Release|Any CPU
		{CA02DBC5-DDED-458F-A402-A60C734627C1}.Release|Any CPU.Build.0 = Release|Any CPU
	EndGlobalSection
	GlobalSection(SolutionProperties) = preSolution
		HideSolutionNode = FALSE
	EndGlobalSection
	GlobalSection(ExtensibilityGlobals) = postSolution
		SolutionGuid = {58347CA3-ADB1-476C-9120-02A0856A6BF3}
	EndGlobalSection
EndGlobal
